
Microsoft Visual Studio Solution File, Format Version 12.00
# Visual Studio Version 16
VisualStudioVersion = 16.0.31729.503
MinimumVisualStudioVersion = 10.0.40219.1
Project("{FAE04EC0-301F-11D3-BF4B-00C04F79EFBC}") = "WebProje", "WebProje.csproj", "{1D914F4D-4EE4-417A-932A-5FEF7942D2B0}"
EndProject
Project("{FAE04EC0-301F-11D3-BF4B-00C04F79EFBC}") = "EntityLayer", "..\EntityLayer\EntityLayer.csproj", "{E5A5D17F-99E4-4A0A-B100-B7BF4BBD5493}"
EndProject
Project("{FAE04EC0-301F-11D3-BF4B-00C04F79EFBC}") = "BusinessLayer", "..\BusinessLayer\BusinessLayer.csproj", "{A9A92A61-A7F1-4916-B048-98CD70282807}"
EndProject
Project("{FAE04EC0-301F-11D3-BF4B-00C04F79EFBC}") = "CoreLayer", "..\CoreLayer\CoreLayer.csproj", "{137F72EB-E7AC-45D5-8176-7D79C909FA6A}"
EndProject
Project("{FAE04EC0-301F-11D3-BF4B-00C04F79EFBC}") = "DataAccessLayer", "..\DataAccessLayer\DataAccessLayer.csproj", "{2C62EF83-878A-4A21-9ED5-01CCE3C62457}"
EndProject
Global
	GlobalSection(SolutionConfigurationPlatforms) = preSolution
		Debug|Any CPU = Debug|Any CPU
		Release|Any CPU = Release|Any CPU
	EndGlobalSection
	GlobalSection(ProjectConfigurationPlatforms) = postSolution
		{1D914F4D-4EE4-417A-932A-5FEF7942D2B0}.Debug|Any CPU.ActiveCfg = Debug|Any CPU
		{1D914F4D-4EE4-417A-932A-5FEF7942D2B0}.Debug|Any CPU.Build.0 = Debug|Any CPU
		{1D914F4D-4EE4-417A-932A-5FEF7942D2B0}.Release|Any CPU.ActiveCfg = Release|Any CPU
		{1D914F4D-4EE4-417A-932A-5FEF7942D2B0}.Release|Any CPU.Build.0 = Release|Any CPU
		{E5A5D17F-99E4-4A0A-B100-B7BF4BBD5493}.Debug|Any CPU.ActiveCfg = Debug|Any CPU
		{E5A5D17F-99E4-4A0A-B100-B7BF4BBD5493}.Debug|Any CPU.Build.0 = Debug|Any CPU
		{E5A5D17F-99E4-4A0A-B100-B7BF4BBD5493}.Release|Any CPU.ActiveCfg = Release|Any CPU
		{E5A5D17F-99E4-4A0A-B100-B7BF4BBD5493}.Release|Any CPU.Build.0 = Release|Any CPU
		{A9A92A61-A7F1-4916-B048-98CD70282807}.Debug|Any CPU.ActiveCfg = Debug|Any CPU
		{A9A92A61-A7F1-4916-B048-98CD70282807}.Debug|Any CPU.Build.0 = Debug|Any CPU
		{A9A92A61-A7F1-4916-B048-98CD70282807}.Release|Any CPU.ActiveCfg = Release|Any CPU
		{A9A92A61-A7F1-4916-B048-98CD70282807}.Release|Any CPU.Build.0 = Release|Any CPU
		{137F72EB-E7AC-45D5-8176-7D79C909FA6A}.Debug|Any CPU.ActiveCfg = Debug|Any CPU
		{137F72EB-E7AC-45D5-8176-7D79C909FA6A}.Debug|Any CPU.Build.0 = Debug|Any CPU
		{137F72EB-E7AC-45D5-8176-7D79C909FA6A}.Release|Any CPU.ActiveCfg = Release|Any CPU
		{137F72EB-E7AC-45D5-8176-7D79C909FA6A}.Release|Any CPU.Build.0 = Release|Any CPU
		{2C62EF83-878A-4A21-9ED5-01CCE3C62457}.Debug|Any CPU.ActiveCfg = Debug|Any CPU
		{2C62EF83-878A-4A21-9ED5-01CCE3C62457}.Debug|Any CPU.Build.0 = Debug|Any CPU
		{2C62EF83-878A-4A21-9ED5-01CCE3C62457}.Release|Any CPU.ActiveCfg = Release|Any CPU
		{2C62EF83-878A-4A21-9ED5-01CCE3C62457}.Release|Any CPU.Build.0 = Release|Any CPU
	EndGlobalSection
	GlobalSection(SolutionProperties) = preSolution
		HideSolutionNode = FALSE
	EndGlobalSection
	GlobalSection(ExtensibilityGlobals) = postSolution
		SolutionGuid = {FFABDAA6-5BC0-43CC-BE64-26664FADB905}
	EndGlobalSection
EndGlobal
